
Microsoft Visual Studio Solution File, Format Version 12.00
# Visual Studio Version 17
VisualStudioVersion = 17.0.31903.59
MinimumVisualStudioVersion = 10.0.40219.1
Project("{FAE04EC0-301F-11D3-BF4B-00C04F79EFBC}") = "Spotisharp.Client", "Spotisharp.Client\Spotisharp.Client.csproj", "{D20E1A4B-1D21-400D-8ACD-3CEF67061CCB}"
EndProject
Global
	GlobalSection(SolutionConfigurationPlatforms) = preSolution
		Debug|Any CPU = Debug|Any CPU
		Release|Any CPU = Release|Any CPU
	EndGlobalSection
	GlobalSection(ProjectConfigurationPlatforms) = postSolution
		{D20E1A4B-1D21-400D-8ACD-3CEF67061CCB}.Debug|Any CPU.ActiveCfg = Debug|Any CPU
		{D20E1A4B-1D21-400D-8ACD-3CEF67061CCB}.Debug|Any CPU.Build.0 = Debug|Any CPU
		{D20E1A4B-1D21-400D-8ACD-3CEF67061CCB}.Release|Any CPU.ActiveCfg = Release|Any CPU
		{D20E1A4B-1D21-400D-8ACD-3CEF67061CCB}.Release|Any CPU.Build.0 = Release|Any CPU
	EndGlobalSection
	GlobalSection(SolutionProperties) = preSolution
		HideSolutionNode = FALSE
	EndGlobalSection
	GlobalSection(ExtensibilityGlobals) = postSolution
		SolutionGuid = {EDFA239F-BE15-4715-A1B5-5C5A4B818A47}
	EndGlobalSection
EndGlobal
