
Microsoft Visual Studio Solution File, Format Version 12.00
# Visual Studio Version 17
VisualStudioVersion = 17.8.34330.188
MinimumVisualStudioVersion = 10.0.40219.1
Project("{FAE04EC0-301F-11D3-BF4B-00C04F79EFBC}") = "Spotisharp.CUI", "Spotisharp.CUI\Spotisharp.CUI.csproj", "{14240C4C-9566-4E95-A10C-1D7EDA7D5FFB}"
EndProject
Global
	GlobalSection(SolutionConfigurationPlatforms) = preSolution
		Debug|Any CPU = Debug|Any CPU
		Release|Any CPU = Release|Any CPU
	EndGlobalSection
	GlobalSection(ProjectConfigurationPlatforms) = postSolution
		{14240C4C-9566-4E95-A10C-1D7EDA7D5FFB}.Debug|Any CPU.ActiveCfg = Debug|Any CPU
		{14240C4C-9566-4E95-A10C-1D7EDA7D5FFB}.Debug|Any CPU.Build.0 = Debug|Any CPU
		{14240C4C-9566-4E95-A10C-1D7EDA7D5FFB}.Release|Any CPU.ActiveCfg = Release|Any CPU
		{14240C4C-9566-4E95-A10C-1D7EDA7D5FFB}.Release|Any CPU.Build.0 = Release|Any CPU
	EndGlobalSection
	GlobalSection(SolutionProperties) = preSolution
		HideSolutionNode = FALSE
	EndGlobalSection
	GlobalSection(ExtensibilityGlobals) = postSolution
		SolutionGuid = {46C66E1C-E73B-4F31-9663-D12224E0B8B9}
	EndGlobalSection
EndGlobal
