
Microsoft Visual Studio Solution File, Format Version 12.00
# Visual Studio Version 16
VisualStudioVersion = 16.0.30717.126
MinimumVisualStudioVersion = 10.0.40219.1
Project("{FAE04EC0-301F-11D3-BF4B-00C04F79EFBC}") = "SpotiSharp", "SpotiSharp.csproj", "{F7211655-4150-4BCB-A002-CE1D119649B7}"
EndProject
Global
	GlobalSection(SolutionConfigurationPlatforms) = preSolution
		Debug|Any CPU = Debug|Any CPU
		Release|Any CPU = Release|Any CPU
	EndGlobalSection
	GlobalSection(ProjectConfigurationPlatforms) = postSolution
		{F7211655-4150-4BCB-A002-CE1D119649B7}.Debug|Any CPU.ActiveCfg = Debug|Any CPU
		{F7211655-4150-4BCB-A002-CE1D119649B7}.Debug|Any CPU.Build.0 = Debug|Any CPU
		{F7211655-4150-4BCB-A002-CE1D119649B7}.Release|Any CPU.ActiveCfg = Release|Any CPU
		{F7211655-4150-4BCB-A002-CE1D119649B7}.Release|Any CPU.Build.0 = Release|Any CPU
	EndGlobalSection
	GlobalSection(SolutionProperties) = preSolution
		HideSolutionNode = FALSE
	EndGlobalSection
	GlobalSection(ExtensibilityGlobals) = postSolution
		SolutionGuid = {2E864477-9960-40CC-AB5A-A65DAB8B39E6}
	EndGlobalSection
EndGlobal
